
Microsoft Visual Studio Solution File, Format Version 12.00
# Visual Studio Version 17
VisualStudioVersion = 17.0.32014.148
MinimumVisualStudioVersion = 10.0.40219.1
Project("{FAE04EC0-301F-11D3-BF4B-00C04F79EFBC}") = "ce100-hw4-algo-lib-cs", "ce100-hw4-algo-lib-cs\ce100-hw4-algo-lib-cs.csproj", "{A877303A-73DE-4D67-AC35-B19DA30B550E}"
EndProject
Project("{FAE04EC0-301F-11D3-BF4B-00C04F79EFBC}") = "ce100-hw4-algo-test-cs", "ce100-hw4-algo-test-cs\ce100-hw4-algo-test-cs.csproj", "{FC9D2366-1C6F-4D38-962C-91A7A7F704B7}"
EndProject
Global
	GlobalSection(SolutionConfigurationPlatforms) = preSolution
		Debug|Any CPU = Debug|Any CPU
		Release|Any CPU = Release|Any CPU
	EndGlobalSection
	GlobalSection(ProjectConfigurationPlatforms) = postSolution
		{A877303A-73DE-4D67-AC35-B19DA30B550E}.Debug|Any CPU.ActiveCfg = Debug|Any CPU
		{A877303A-73DE-4D67-AC35-B19DA30B550E}.Debug|Any CPU.Build.0 = Debug|Any CPU
		{A877303A-73DE-4D67-AC35-B19DA30B550E}.Release|Any CPU.ActiveCfg = Release|Any CPU
		{A877303A-73DE-4D67-AC35-B19DA30B550E}.Release|Any CPU.Build.0 = Release|Any CPU
		{FC9D2366-1C6F-4D38-962C-91A7A7F704B7}.Debug|Any CPU.ActiveCfg = Debug|Any CPU
		{FC9D2366-1C6F-4D38-962C-91A7A7F704B7}.Debug|Any CPU.Build.0 = Debug|Any CPU
		{FC9D2366-1C6F-4D38-962C-91A7A7F704B7}.Release|Any CPU.ActiveCfg = Release|Any CPU
		{FC9D2366-1C6F-4D38-962C-91A7A7F704B7}.Release|Any CPU.Build.0 = Release|Any CPU
	EndGlobalSection
	GlobalSection(SolutionProperties) = preSolution
		HideSolutionNode = FALSE
	EndGlobalSection
	GlobalSection(ExtensibilityGlobals) = postSolution
		SolutionGuid = {D19B9A0A-1FAE-4722-BFB4-BEC8F73D4071}
	EndGlobalSection
EndGlobal
